
Microsoft Visual Studio Solution File, Format Version 12.00
# Visual Studio Version 17
VisualStudioVersion = 17.0.31903.59
MinimumVisualStudioVersion = 10.0.40219.1
Project("{2150E333-8FDC-42A3-9474-1A3956D46DE8}") = "src", "src", "{827E0CD3-B72D-47B6-A68D-7590B98EB39B}"
EndProject
Project("{FAE04EC0-301F-11D3-BF4B-00C04F79EFBC}") = "UnifiedAttestation.Core", "src\UnifiedAttestation.Core\UnifiedAttestation.Core.csproj", "{10B75E69-FFC8-43D4-8979-7B0BEFBB7E37}"
EndProject
Project("{2150E333-8FDC-42A3-9474-1A3956D46DE8}") = "tests", "tests", "{0AB3BF05-4346-4AA6-1389-037BE0695223}"
EndProject
Project("{FAE04EC0-301F-11D3-BF4B-00C04F79EFBC}") = "UnifiedAttestation.Integration", "tests\UnifiedAttestation.Integration\UnifiedAttestation.Integration.csproj", "{F82899E4-8157-4762-9EA8-98CD90D5E1D7}"
EndProject
Project("{F2A71F9B-5D33-465A-A702-920D77279786}") = "UnifiedAttestation.Tests", "tests\UnifiedAttestation.Tests\UnifiedAttestation.Tests.fsproj", "{999BB2A1-FCC2-40B2-A075-2533C55CD8F7}"
EndProject
Project("{FAE04EC0-301F-11D3-BF4B-00C04F79EFBC}") = "UnifiedAttestation.OpcUa.AttesterApplication", "src\UnifiedAttestation.OpcUa.AttesterApplication\UnifiedAttestation.OpcUa.AttesterApplication.csproj", "{DCBDAC9E-97BB-4947-B649-0E6CADAB1C67}"
EndProject
Project("{FAE04EC0-301F-11D3-BF4B-00C04F79EFBC}") = "UnifiedAttestation.OpcUa", "src\UnifiedAttestation.OpcUa\UnifiedAttestation.OpcUa.csproj", "{DE844204-3A36-4F23-B6BA-A75FE369D148}"
EndProject
Project("{FAE04EC0-301F-11D3-BF4B-00C04F79EFBC}") = "UnifiedAttestation.OpcUa.VerifierApplication", "src\UnifiedAttestation.OpcUa.VerifierApplication\UnifiedAttestation.OpcUa.VerifierApplication.csproj", "{9291DED8-5E12-4411-8C87-687689D5D755}"
EndProject
Project("{2150E333-8FDC-42A3-9474-1A3956D46DE8}") = "UnifiedAttestation.OpcUa.OnboardingApplication", "UnifiedAttestation.OpcUa.OnboardingApplication", "{6D3F5A69-6325-C605-16E4-97582F7C4E79}"
EndProject
Project("{FAE04EC0-301F-11D3-BF4B-00C04F79EFBC}") = "UnifiedAttestation.OpcUa.OnboardingApplication", "src\UnifiedAttestation.OpcUa.OnboardingApplication\UnifiedAttestation.OpcUa.OnboardingApplication.csproj", "{89FB776C-8285-485C-B4D1-3CE69B618300}"
EndProject
Project("{FAE04EC0-301F-11D3-BF4B-00C04F79EFBC}") = "UnifiedAttestation.Http.VerifierApplication", "src\UnifiedAttestation.Http.VerifierApplication\UnifiedAttestation.Http.VerifierApplication.csproj", "{405AF567-B2AE-4D37-B0B0-19098907203F}"
EndProject
Project("{FAE04EC0-301F-11D3-BF4B-00C04F79EFBC}") = "UnifiedAttestation.OpcUa.GDS", "src\UnifiedAttestation.OpcUa.GDS\UnifiedAttestation.OpcUa.GDS.csproj", "{09B3A073-596B-4A74-BA2C-8A4CBE4C2CCC}"
EndProject
Global
	GlobalSection(SolutionConfigurationPlatforms) = preSolution
		Debug|Any CPU = Debug|Any CPU
		Debug|x64 = Debug|x64
		Debug|x86 = Debug|x86
		Release|Any CPU = Release|Any CPU
		Release|x64 = Release|x64
		Release|x86 = Release|x86
	EndGlobalSection
	GlobalSection(ProjectConfigurationPlatforms) = postSolution
		{10B75E69-FFC8-43D4-8979-7B0BEFBB7E37}.Debug|Any CPU.ActiveCfg = Debug|Any CPU
		{10B75E69-FFC8-43D4-8979-7B0BEFBB7E37}.Debug|Any CPU.Build.0 = Debug|Any CPU
		{10B75E69-FFC8-43D4-8979-7B0BEFBB7E37}.Debug|x64.ActiveCfg = Debug|Any CPU
		{10B75E69-FFC8-43D4-8979-7B0BEFBB7E37}.Debug|x64.Build.0 = Debug|Any CPU
		{10B75E69-FFC8-43D4-8979-7B0BEFBB7E37}.Debug|x86.ActiveCfg = Debug|Any CPU
		{10B75E69-FFC8-43D4-8979-7B0BEFBB7E37}.Debug|x86.Build.0 = Debug|Any CPU
		{10B75E69-FFC8-43D4-8979-7B0BEFBB7E37}.Release|Any CPU.ActiveCfg = Release|Any CPU
		{10B75E69-FFC8-43D4-8979-7B0BEFBB7E37}.Release|Any CPU.Build.0 = Release|Any CPU
		{10B75E69-FFC8-43D4-8979-7B0BEFBB7E37}.Release|x64.ActiveCfg = Release|Any CPU
		{10B75E69-FFC8-43D4-8979-7B0BEFBB7E37}.Release|x64.Build.0 = Release|Any CPU
		{10B75E69-FFC8-43D4-8979-7B0BEFBB7E37}.Release|x86.ActiveCfg = Release|Any CPU
		{10B75E69-FFC8-43D4-8979-7B0BEFBB7E37}.Release|x86.Build.0 = Release|Any CPU
		{F82899E4-8157-4762-9EA8-98CD90D5E1D7}.Debug|Any CPU.ActiveCfg = Debug|Any CPU
		{F82899E4-8157-4762-9EA8-98CD90D5E1D7}.Debug|Any CPU.Build.0 = Debug|Any CPU
		{F82899E4-8157-4762-9EA8-98CD90D5E1D7}.Debug|x64.ActiveCfg = Debug|Any CPU
		{F82899E4-8157-4762-9EA8-98CD90D5E1D7}.Debug|x64.Build.0 = Debug|Any CPU
		{F82899E4-8157-4762-9EA8-98CD90D5E1D7}.Debug|x86.ActiveCfg = Debug|Any CPU
		{F82899E4-8157-4762-9EA8-98CD90D5E1D7}.Debug|x86.Build.0 = Debug|Any CPU
		{F82899E4-8157-4762-9EA8-98CD90D5E1D7}.Release|Any CPU.ActiveCfg = Release|Any CPU
		{F82899E4-8157-4762-9EA8-98CD90D5E1D7}.Release|Any CPU.Build.0 = Release|Any CPU
		{F82899E4-8157-4762-9EA8-98CD90D5E1D7}.Release|x64.ActiveCfg = Release|Any CPU
		{F82899E4-8157-4762-9EA8-98CD90D5E1D7}.Release|x64.Build.0 = Release|Any CPU
		{F82899E4-8157-4762-9EA8-98CD90D5E1D7}.Release|x86.ActiveCfg = Release|Any CPU
		{F82899E4-8157-4762-9EA8-98CD90D5E1D7}.Release|x86.Build.0 = Release|Any CPU
		{999BB2A1-FCC2-40B2-A075-2533C55CD8F7}.Debug|Any CPU.ActiveCfg = Debug|Any CPU
		{999BB2A1-FCC2-40B2-A075-2533C55CD8F7}.Debug|Any CPU.Build.0 = Debug|Any CPU
		{999BB2A1-FCC2-40B2-A075-2533C55CD8F7}.Debug|x64.ActiveCfg = Debug|Any CPU
		{999BB2A1-FCC2-40B2-A075-2533C55CD8F7}.Debug|x64.Build.0 = Debug|Any CPU
		{999BB2A1-FCC2-40B2-A075-2533C55CD8F7}.Debug|x86.ActiveCfg = Debug|Any CPU
		{999BB2A1-FCC2-40B2-A075-2533C55CD8F7}.Debug|x86.Build.0 = Debug|Any CPU
		{999BB2A1-FCC2-40B2-A075-2533C55CD8F7}.Release|Any CPU.ActiveCfg = Release|Any CPU
		{999BB2A1-FCC2-40B2-A075-2533C55CD8F7}.Release|Any CPU.Build.0 = Release|Any CPU
		{999BB2A1-FCC2-40B2-A075-2533C55CD8F7}.Release|x64.ActiveCfg = Release|Any CPU
		{999BB2A1-FCC2-40B2-A075-2533C55CD8F7}.Release|x64.Build.0 = Release|Any CPU
		{999BB2A1-FCC2-40B2-A075-2533C55CD8F7}.Release|x86.ActiveCfg = Release|Any CPU
		{999BB2A1-FCC2-40B2-A075-2533C55CD8F7}.Release|x86.Build.0 = Release|Any CPU
		{DCBDAC9E-97BB-4947-B649-0E6CADAB1C67}.Debug|Any CPU.ActiveCfg = Debug|Any CPU
		{DCBDAC9E-97BB-4947-B649-0E6CADAB1C67}.Debug|Any CPU.Build.0 = Debug|Any CPU
		{DCBDAC9E-97BB-4947-B649-0E6CADAB1C67}.Debug|x64.ActiveCfg = Debug|Any CPU
		{DCBDAC9E-97BB-4947-B649-0E6CADAB1C67}.Debug|x64.Build.0 = Debug|Any CPU
		{DCBDAC9E-97BB-4947-B649-0E6CADAB1C67}.Debug|x86.ActiveCfg = Debug|Any CPU
		{DCBDAC9E-97BB-4947-B649-0E6CADAB1C67}.Debug|x86.Build.0 = Debug|Any CPU
		{DCBDAC9E-97BB-4947-B649-0E6CADAB1C67}.Release|Any CPU.ActiveCfg = Release|Any CPU
		{DCBDAC9E-97BB-4947-B649-0E6CADAB1C67}.Release|Any CPU.Build.0 = Release|Any CPU
		{DCBDAC9E-97BB-4947-B649-0E6CADAB1C67}.Release|x64.ActiveCfg = Release|Any CPU
		{DCBDAC9E-97BB-4947-B649-0E6CADAB1C67}.Release|x64.Build.0 = Release|Any CPU
		{DCBDAC9E-97BB-4947-B649-0E6CADAB1C67}.Release|x86.ActiveCfg = Release|Any CPU
		{DCBDAC9E-97BB-4947-B649-0E6CADAB1C67}.Release|x86.Build.0 = Release|Any CPU
		{DE844204-3A36-4F23-B6BA-A75FE369D148}.Debug|Any CPU.ActiveCfg = Debug|Any CPU
		{DE844204-3A36-4F23-B6BA-A75FE369D148}.Debug|Any CPU.Build.0 = Debug|Any CPU
		{DE844204-3A36-4F23-B6BA-A75FE369D148}.Debug|x64.ActiveCfg = Debug|Any CPU
		{DE844204-3A36-4F23-B6BA-A75FE369D148}.Debug|x64.Build.0 = Debug|Any CPU
		{DE844204-3A36-4F23-B6BA-A75FE369D148}.Debug|x86.ActiveCfg = Debug|Any CPU
		{DE844204-3A36-4F23-B6BA-A75FE369D148}.Debug|x86.Build.0 = Debug|Any CPU
		{DE844204-3A36-4F23-B6BA-A75FE369D148}.Release|Any CPU.ActiveCfg = Release|Any CPU
		{DE844204-3A36-4F23-B6BA-A75FE369D148}.Release|Any CPU.Build.0 = Release|Any CPU
		{DE844204-3A36-4F23-B6BA-A75FE369D148}.Release|x64.ActiveCfg = Release|Any CPU
		{DE844204-3A36-4F23-B6BA-A75FE369D148}.Release|x64.Build.0 = Release|Any CPU
		{DE844204-3A36-4F23-B6BA-A75FE369D148}.Release|x86.ActiveCfg = Release|Any CPU
		{DE844204-3A36-4F23-B6BA-A75FE369D148}.Release|x86.Build.0 = Release|Any CPU
		{9291DED8-5E12-4411-8C87-687689D5D755}.Debug|Any CPU.ActiveCfg = Debug|Any CPU
		{9291DED8-5E12-4411-8C87-687689D5D755}.Debug|Any CPU.Build.0 = Debug|Any CPU
		{9291DED8-5E12-4411-8C87-687689D5D755}.Debug|x64.ActiveCfg = Debug|Any CPU
		{9291DED8-5E12-4411-8C87-687689D5D755}.Debug|x64.Build.0 = Debug|Any CPU
		{9291DED8-5E12-4411-8C87-687689D5D755}.Debug|x86.ActiveCfg = Debug|Any CPU
		{9291DED8-5E12-4411-8C87-687689D5D755}.Debug|x86.Build.0 = Debug|Any CPU
		{9291DED8-5E12-4411-8C87-687689D5D755}.Release|Any CPU.ActiveCfg = Release|Any CPU
		{9291DED8-5E12-4411-8C87-687689D5D755}.Release|Any CPU.Build.0 = Release|Any CPU
		{9291DED8-5E12-4411-8C87-687689D5D755}.Release|x64.ActiveCfg = Release|Any CPU
		{9291DED8-5E12-4411-8C87-687689D5D755}.Release|x64.Build.0 = Release|Any CPU
		{9291DED8-5E12-4411-8C87-687689D5D755}.Release|x86.ActiveCfg = Release|Any CPU
		{9291DED8-5E12-4411-8C87-687689D5D755}.Release|x86.Build.0 = Release|Any CPU
		{89FB776C-8285-485C-B4D1-3CE69B618300}.Debug|Any CPU.ActiveCfg = Debug|Any CPU
		{89FB776C-8285-485C-B4D1-3CE69B618300}.Debug|Any CPU.Build.0 = Debug|Any CPU
		{89FB776C-8285-485C-B4D1-3CE69B618300}.Debug|x64.ActiveCfg = Debug|Any CPU
		{89FB776C-8285-485C-B4D1-3CE69B618300}.Debug|x64.Build.0 = Debug|Any CPU
		{89FB776C-8285-485C-B4D1-3CE69B618300}.Debug|x86.ActiveCfg = Debug|Any CPU
		{89FB776C-8285-485C-B4D1-3CE69B618300}.Debug|x86.Build.0 = Debug|Any CPU
		{89FB776C-8285-485C-B4D1-3CE69B618300}.Release|Any CPU.ActiveCfg = Release|Any CPU
		{89FB776C-8285-485C-B4D1-3CE69B618300}.Release|Any CPU.Build.0 = Release|Any CPU
		{89FB776C-8285-485C-B4D1-3CE69B618300}.Release|x64.ActiveCfg = Release|Any CPU
		{89FB776C-8285-485C-B4D1-3CE69B618300}.Release|x64.Build.0 = Release|Any CPU
		{89FB776C-8285-485C-B4D1-3CE69B618300}.Release|x86.ActiveCfg = Release|Any CPU
		{89FB776C-8285-485C-B4D1-3CE69B618300}.Release|x86.Build.0 = Release|Any CPU
		{405AF567-B2AE-4D37-B0B0-19098907203F}.Debug|Any CPU.ActiveCfg = Debug|Any CPU
		{405AF567-B2AE-4D37-B0B0-19098907203F}.Debug|Any CPU.Build.0 = Debug|Any CPU
		{405AF567-B2AE-4D37-B0B0-19098907203F}.Debug|x64.ActiveCfg = Debug|Any CPU
		{405AF567-B2AE-4D37-B0B0-19098907203F}.Debug|x64.Build.0 = Debug|Any CPU
		{405AF567-B2AE-4D37-B0B0-19098907203F}.Debug|x86.ActiveCfg = Debug|Any CPU
		{405AF567-B2AE-4D37-B0B0-19098907203F}.Debug|x86.Build.0 = Debug|Any CPU
		{405AF567-B2AE-4D37-B0B0-19098907203F}.Release|Any CPU.ActiveCfg = Release|Any CPU
		{405AF567-B2AE-4D37-B0B0-19098907203F}.Release|Any CPU.Build.0 = Release|Any CPU
		{405AF567-B2AE-4D37-B0B0-19098907203F}.Release|x64.ActiveCfg = Release|Any CPU
		{405AF567-B2AE-4D37-B0B0-19098907203F}.Release|x64.Build.0 = Release|Any CPU
		{405AF567-B2AE-4D37-B0B0-19098907203F}.Release|x86.ActiveCfg = Release|Any CPU
		{405AF567-B2AE-4D37-B0B0-19098907203F}.Release|x86.Build.0 = Release|Any CPU
		{09B3A073-596B-4A74-BA2C-8A4CBE4C2CCC}.Debug|Any CPU.ActiveCfg = Debug|Any CPU
		{09B3A073-596B-4A74-BA2C-8A4CBE4C2CCC}.Debug|Any CPU.Build.0 = Debug|Any CPU
		{09B3A073-596B-4A74-BA2C-8A4CBE4C2CCC}.Debug|x64.ActiveCfg = Debug|Any CPU
		{09B3A073-596B-4A74-BA2C-8A4CBE4C2CCC}.Debug|x64.Build.0 = Debug|Any CPU
		{09B3A073-596B-4A74-BA2C-8A4CBE4C2CCC}.Debug|x86.ActiveCfg = Debug|Any CPU
		{09B3A073-596B-4A74-BA2C-8A4CBE4C2CCC}.Debug|x86.Build.0 = Debug|Any CPU
		{09B3A073-596B-4A74-BA2C-8A4CBE4C2CCC}.Release|Any CPU.ActiveCfg = Release|Any CPU
		{09B3A073-596B-4A74-BA2C-8A4CBE4C2CCC}.Release|Any CPU.Build.0 = Release|Any CPU
		{09B3A073-596B-4A74-BA2C-8A4CBE4C2CCC}.Release|x64.ActiveCfg = Release|Any CPU
		{09B3A073-596B-4A74-BA2C-8A4CBE4C2CCC}.Release|x64.Build.0 = Release|Any CPU
		{09B3A073-596B-4A74-BA2C-8A4CBE4C2CCC}.Release|x86.ActiveCfg = Release|Any CPU
		{09B3A073-596B-4A74-BA2C-8A4CBE4C2CCC}.Release|x86.Build.0 = Release|Any CPU
	EndGlobalSection
	GlobalSection(SolutionProperties) = preSolution
		HideSolutionNode = FALSE
	EndGlobalSection
	GlobalSection(NestedProjects) = preSolution
		{10B75E69-FFC8-43D4-8979-7B0BEFBB7E37} = {827E0CD3-B72D-47B6-A68D-7590B98EB39B}
		{F82899E4-8157-4762-9EA8-98CD90D5E1D7} = {0AB3BF05-4346-4AA6-1389-037BE0695223}
		{999BB2A1-FCC2-40B2-A075-2533C55CD8F7} = {0AB3BF05-4346-4AA6-1389-037BE0695223}
		{DCBDAC9E-97BB-4947-B649-0E6CADAB1C67} = {827E0CD3-B72D-47B6-A68D-7590B98EB39B}
		{DE844204-3A36-4F23-B6BA-A75FE369D148} = {827E0CD3-B72D-47B6-A68D-7590B98EB39B}
		{9291DED8-5E12-4411-8C87-687689D5D755} = {827E0CD3-B72D-47B6-A68D-7590B98EB39B}
		{6D3F5A69-6325-C605-16E4-97582F7C4E79} = {827E0CD3-B72D-47B6-A68D-7590B98EB39B}
		{89FB776C-8285-485C-B4D1-3CE69B618300} = {6D3F5A69-6325-C605-16E4-97582F7C4E79}
		{405AF567-B2AE-4D37-B0B0-19098907203F} = {827E0CD3-B72D-47B6-A68D-7590B98EB39B}
		{09B3A073-596B-4A74-BA2C-8A4CBE4C2CCC} = {827E0CD3-B72D-47B6-A68D-7590B98EB39B}
	EndGlobalSection
EndGlobal
